
Microsoft Visual Studio Solution File, Format Version 12.00
# Visual Studio Version 17
VisualStudioVersion = 17.4.33103.184
MinimumVisualStudioVersion = 10.0.40219.1
Project("{FAE04EC0-301F-11D3-BF4B-00C04F79EFBC}") = "Proects1", "Proects1\Proects1.csproj", "{567B64C1-9E0C-448C-B6BD-94C4A0C9840B}"
EndProject
Global
	GlobalSection(SolutionConfigurationPlatforms) = preSolution
		Debug|Any CPU = Debug|Any CPU
		Release|Any CPU = Release|Any CPU
	EndGlobalSection
	GlobalSection(ProjectConfigurationPlatforms) = postSolution
		{567B64C1-9E0C-448C-B6BD-94C4A0C9840B}.Debug|Any CPU.ActiveCfg = Debug|Any CPU
		{567B64C1-9E0C-448C-B6BD-94C4A0C9840B}.Debug|Any CPU.Build.0 = Debug|Any CPU
		{567B64C1-9E0C-448C-B6BD-94C4A0C9840B}.Release|Any CPU.ActiveCfg = Release|Any CPU
		{567B64C1-9E0C-448C-B6BD-94C4A0C9840B}.Release|Any CPU.Build.0 = Release|Any CPU
	EndGlobalSection
	GlobalSection(SolutionProperties) = preSolution
		HideSolutionNode = FALSE
	EndGlobalSection
	GlobalSection(ExtensibilityGlobals) = postSolution
		SolutionGuid = {7F94620A-D3B4-4569-BF86-3DBE8588B684}
	EndGlobalSection
EndGlobal
